Microsoft Visual Studio Solution File, Format Version 12.00
# Visual Studio Version 17
VisualStudioVersion = 17.0.31903.59
MinimumVisualStudioVersion = 10.0.40219.1
Project("{9A19103F-16F7-4668-BE54-9A1E7A4F7556}") = "NetPulse", "NetPulse\NetPulse.csproj", "{3E6E7F09-0B3B-49C1-9D62-1F9C2E1D6B3A}"
EndProject
Global
	GlobalSection(SolutionConfigurationPlatforms) = preSolution
		Debug|Any CPU = Debug|Any CPU
		Release|Any CPU = Release|Any CPU
	EndGlobalSection
	GlobalSection(ProjectConfigurationPlatforms) = postSolution
		{3E6E7F09-0B3B-49C1-9D62-1F9C2E1D6B3A}.Debug|Any CPU.ActiveCfg = Debug|Any CPU
		{3E6E7F09-0B3B-49C1-9D62-1F9C2E1D6B3A}.Debug|Any CPU.Build.0 = Debug|Any CPU
		{3E6E7F09-0B3B-49C1-9D62-1F9C2E1D6B3A}.Release|Any CPU.ActiveCfg = Release|Any CPU
		{3E6E7F09-0B3B-49C1-9D62-1F9C2E1D6B3A}.Release|Any CPU.Build.0 = Release|Any CPU
	EndGlobalSection
EndGlobal